// !$*UTF8*$!
{
	archiveVersion = 1;
	classes = {
	};
	objectVersion = 50;
	objects = {

/* Begin PBXBuildFile section */
		9CCAB17F210FB0AA006FC6F7 /* AppDelegate.swift in Sources */ = {isa = PBXBuildFile; fileRef = 9CCAB17E210FB0AA006FC6F7 /* AppDelegate.swift */; };
		9CCAB181210FB0AB006FC6F7 /* ViewController.swift in Sources */ = {isa = PBXBuildFile; fileRef = 9CCAB180210FB0AB006FC6F7 /* ViewController.swift */; };
		9CCAB184210FB0AB006FC6F7 /* Main.storyboard in Resources */ = {isa = PBXBuildFile; fileRef = 9CCAB182210FB0AB006FC6F7 /* Main.storyboard */; };
		9CCAB186210FB0AD006FC6F7 /* Assets.xcassets in Resources */ = {isa = PBXBuildFile; fileRef = 9CCAB185210FB0AD006FC6F7 /* Assets.xcassets */; };
		9CCAB189210FB0AD006FC6F7 /* LaunchScreen.storyboard in Resources */ = {isa = PBXBuildFile; fileRef = 9CCAB187210FB0AD006FC6F7 /* LaunchScreen.storyboard */; };
/* End PBXBuildFile section */

/* Begin PBXFileReference section */
		9CCAB17B210FB0AA006FC6F7 /* CustomMapPinCallout.app */ = {isa = PBXFileReference; explicitFileType = wrapper.application; includeInIndex = 0; path = CustomMapPinCallout.app; sourceTree = BUILT_PRODUCTS_DIR; };
		9CCAB17E210FB0AA006FC6F7 /* AppDelegate.swift */ = {isa = PBXFileReference; lastKnownFileType = sourcecode.swift; path = AppDelegate.swift; sourceTree = "<group>"; };
		9CCAB180210FB0AB006FC6F7 /* ViewController.swift */ = {isa = PBXFileReference; lastKnownFileType = sourcecode.swift; path = ViewController.swift; sourceTree = "<group>"; };
		9CCAB183210FB0AB006FC6F7 /* Base */ = {isa = PBXFileReference; lastKnownFileType = file.storyboard; name = Base; path = Base.lproj/Main.storyboard; sourceTree = "<group>"; };
		9CCAB185210FB0AD006FC6F7 /* Assets.xcassets */ = {isa = PBXFileReference; lastKnownFileType = folder.assetcatalog; path = Assets.xcassets; sourceTree = "<group>"; };
		9CCAB188210FB0AD006FC6F7 /* Base */ = {isa = PBXFileReference; lastKnownFileType = file.storyboard; name = Base; path = Base.lproj/LaunchScreen.storyboard; sourceTree = "<group>"; };
		9CCAB18A210FB0AD006FC6F7 /* Info.plist */ = {isa = PBXFileReference; lastKnownFileType = text.plist.xml; path = Info.plist; sourceTree = "<group>"; };
/* End PBXFileReference section */

/* Begin PBXFrameworksBuildPhase section */
		9CCAB178210FB0AA006FC6F7 /* Frameworks */ = {
			isa = PBXFrameworksBuildPhase;
			buildActionMask = 2147483647;
			files = (
			);
			runOnlyForDeploymentPostprocessing = 0;
		};
/* End PBXFrameworksBuildPhase section */

/* Begin PBXGroup section */
		9CCAB172210FB0AA006FC6F7 = {
			isa = PBXGroup;
			children = (
				9CCAB17D210FB0AA006FC6F7 /* CustomMapPinCallout */,
				9CCAB17C210FB0AA006FC6F7 /* Products */,
			);
			sourceTree = "<group>";
		};
		9CCAB17C210FB0AA006FC6F7 /* Products */ = {
			isa = PBXGroup;
			children = (
				9CCAB17B210FB0AA006FC6F7 /* CustomMapPinCallout.app */,
			);
			name = Products;
			sourceTree = "<group>";
		};
		9CCAB17D210FB0AA006FC6F7 /* CustomMapPinCallout */ = {
			isa = PBXGroup;
			children = (
				9CCAB17E210FB0AA006FC6F7 /* AppDelegate.swift */,
				9CCAB180210FB0AB006FC6F7 /* ViewController.swift */,
				9CCAB182210FB0AB006FC6F7 /* Main.storyboard */,
				9CCAB185210FB0AD006FC6F7 /* Assets.xcassets */,
				9CCAB187210FB0AD006FC6F7 /* LaunchScreen.storyboard */,
				9CCAB18A210FB0AD006FC6F7 /* Info.plist */,
			);
			path = CustomMapPinCallout;
			sourceTree = "<group>";
		};
/* End PBXGroup section */

/* Begin PBXNativeTarget section */
		9CCAB17A210FB0AA006FC6F7 /* CustomMapPinCallout */ = {
			isa = PBXNativeTarget;
			buildConfigurationList = 9CCAB18D210FB0AD006FC6F7 /* Build configuration list for PBXNativeTarget "CustomMapPinCallout" */;
			buildPhases = (
				9CCAB177210FB0AA006FC6F7 /* Sources */,
				9CCAB178210FB0AA006FC6F7 /* Frameworks */,
				9CCAB179210FB0AA006FC6F7 /* Resources */,
			);
			buildRules = (
			);
			dependencies = (
			);
			name = CustomMapPinCallout;
			productName = CustomMapPinCallout;
			productReference = 9CCAB17B210FB0AA006FC6F7 /* CustomMapPinCallout.app */;
			productType = "com.apple.product-type.application";
		};
/* End PBXNativeTarget section */

/* Begin PBXProject section */
		9CCAB173210FB0AA006FC6F7 /* Project object */ = {
			isa = PBXProject;
			attributes = {
				LastSwiftUpdateCheck = 0940;
				LastUpgradeCheck = 0940;
				ORGANIZATIONNAME = Marcelo;
				TargetAttributes = {
					9CCAB17A210FB0AA006FC6F7 = {
						CreatedOnToolsVersion = 9.4.1;
					};
				};
			};
			buildConfigurationList = 9CCAB176210FB0AA006FC6F7 /* Build configuration list for PBXProject "CustomMapPinCallout" */;
			compatibilityVersion = "Xcode 9.3";
			developmentRegion = en;
			hasScannedForEncodings = 0;
			knownRegions = (
				en,
				Base,
			);
			mainGroup = 9CCAB172210FB0AA006FC6F7;
			productRefGroup = 9CCAB17C210FB0AA006FC6F7 /* Products */;
			projectDirPath = "";
			projectRoot = "";
			targets = (
				9CCAB17A210FB0AA006FC6F7 /* CustomMapPinCallout */,
			);
		};
/* End PBXProject section */

/* Begin PBXResourcesBuildPhase section */
		9CCAB179210FB0AA006FC6F7 /* Resources */ = {
			isa = PBXResourcesBuildPhase;
			buildActionMask = 2147483647;
			files = (
				9CCAB189210FB0AD006FC6F7 /* LaunchScreen.storyboard in Resources */,
				9CCAB186210FB0AD006FC6F7 /* Assets.xcassets in Resources */,
				9CCAB184210FB0AB006FC6F7 /* Main.storyboard in Resources */,
			);
			runOnlyForDeploymentPostprocessing = 0;
		};
/* End PBXResourcesBuildPhase section */

/* Begin PBXSourcesBuildPhase section */
		9CCAB177210FB0AA006FC6F7 /* Sources */ = {
			isa = PBXSourcesBuildPhase;
			buildActionMask = 2147483647;
			files = (
				9CCAB181210FB0AB006FC6F7 /* ViewController.swift in Sources */,
				9CCAB17F210FB0AA006FC6F7 /* AppDelegate.swift in Sources */,
			);
			runOnlyForDeploymentPostprocessing = 0;
		};
/* End PBXSourcesBuildPhase section */

/* Begin PBXVariantGroup section */
		9CCAB182210FB0AB006FC6F7 /* Main.storyboard */ = {
			isa = PBXVariantGroup;
			children = (
				9CCAB183210FB0AB006FC6F7 /* Base */,
			);
			name = Main.storyboard;
			sourceTree = "<group>";
		};
		9CCAB187210FB0AD006FC6F7 /* LaunchScreen.storyboard */ = {
			isa = PBXVariantGroup;
			children = (
				9CCAB188210FB0AD006FC6F7 /* Base */,
			);
			name = LaunchScreen.storyboard;
			sourceTree = "<group>";
		};
/* End PBXVariantGroup section */

/* Begin XCBuildConfiguration section */
		9CCAB18B210FB0AD006FC6F7 /* Debug */ = {
			isa = XCBuildConfiguration;
			buildSettings = {
				ALWAYS_SEARCH_USER_PATHS = NO;
				CLANG_ANALYZER_NONNULL = YES;
				CLANG_ANALYZER_NUMBER_OBJECT_CONVERSION = YES_AGGRESSIVE;
				CLANG_CXX_LANGUAGE_STANDARD = "gnu++14";
				CLANG_CXX_LIBRARY = "libc++";
				CLANG_ENABLE_MODULES = YES;
				CLANG_ENABLE_OBJC_ARC = YES;
				CLANG_ENABLE_OBJC_WEAK = YES;
				CLANG_WARN_BLOCK_CAPTURE_AUTORELEASING = YES;
				CLANG_WARN_BOOL_CONVERSION = YES;
				CLANG_WARN_COMMA = YES;
				CLANG_WARN_CONSTANT_CONVERSION = YES;
				CLANG_WARN_DEPRECATED_OBJC_IMPLEMENTATIONS = YES;
				CLANG_WARN_DIRECT_OBJC_ISA_USAGE = YES_ERROR;
				CLANG_WARN_DOCUMENTATION_COMMENTS = YES;
				CLANG_WARN_EMPTY_BODY = YES;
				CLANG_WARN_ENUM_CONVERSION = YES;
				CLANG_WARN_INFINITE_RECURSION = YES;
				CLANG_WARN_INT_CONVERSION = YES;
				CLANG_WARN_NON_LITERAL_NULL_CONVERSION = YES;
				CLANG_WARN_OBJC_IMPLICIT_RETAIN_SELF = YES;
				CLANG_WARN_OBJC_LITERAL_CONVERSION = YES;
				CLANG_WARN_OBJC_ROOT_CLASS = YES_ERROR;
				CLANG_WARN_RANGE_LOOP_ANALYSIS = YES;
				CLANG_WARN_STRICT_PROTOTYPES = YES;
				CLANG_WARN_SUSPICIOUS_MOVE = YES;
				CLANG_WARN_UNGUARDED_AVAILABILITY = YES_AGGRESSIVE;
				CLANG_WARN_UNREACHABLE_CODE = YES;
				CLANG_WARN__DUPLICATE_METHOD_MATCH = YES;
				CODE_SIGN_IDENTITY = "iPhone Developer";
				COPY_PHASE_STRIP = NO;
				DEBUG_INFORMATION_FORMAT = dwarf;
				ENABLE_STRICT_OBJC_MSGSEND = YES;
				ENABLE_TESTABILITY = YES;
				GCC_C_LANGUAGE_STANDARD = gnu11;
				GCC_DYNAMIC_NO_PIC = NO;
				GCC_NO_COMMON_BLOCKS = YES;
				GCC_OPTIMIZATION_LEVEL = 0;
				GCC_PREPROCESSOR_DEFINITIONS = (
					"DEBUG=1",
					"$(inherited)",
				);
				GCC_WARN_64_TO_32_BIT_CONVERSION = YES;
				GCC_WARN_ABOUT_RETURN_TYPE = YES_ERROR;
				GCC_WARN_UNDECLARED_SELECTOR = YES;
				GCC_WARN_UNINITIALIZED_AUTOS = YES_AGGRESSIVE;
				GCC_WARN_UNUSED_FUNCTION = YES;
				GCC_WARN_UNUSED_VARIABLE = YES;
				IPHONEOS_DEPLOYMENT_TARGET = 11.4;
				MTL_ENABLE_DEBUG_INFO = YES;
				ONLY_ACTIVE_ARCH = YES;
				SDKROOT = iphoneos;
				SWIFT_ACTIVE_COMPILATION_CONDITIONS = DEBUG;
				SWIFT_OPTIMIZATION_LEVEL = "-Onone";
			};
			name = Debug;
		};
		9CCAB18C210FB0AD006FC6F7 /* Release */ = {
			isa = XCBuildConfiguration;
			buildSettings = {
				ALWAYS_SEARCH_USER_PATHS = NO;
				CLANG_ANALYZER_NONNULL = YES;
				CLANG_ANALYZER_NUMBER_OBJECT_CONVERSION = YES_AGGRESSIVE;
				CLANG_CXX_LANGUAGE_STANDARD = "gnu++14";
				CLANG_CXX_LIBRARY = "libc++";
				CLANG_ENABLE_MODULES = YES;
				CLANG_ENABLE_OBJC_ARC = YES;
				CLANG_ENABLE_OBJC_WEAK = YES;
				CLANG_WARN_BLOCK_CAPTURE_AUTORELEASING = YES;
				CLANG_WARN_BOOL_CONVERSION = YES;
				CLANG_WARN_COMMA = YES;
				CLANG_WARN_CONSTANT_CONVERSION = YES;
				CLANG_WARN_DEPRECATED_OBJC_IMPLEMENTATIONS = YES;
				CLANG_WARN_DIRECT_OBJC_ISA_USAGE = YES_ERROR;
				CLANG_WARN_DOCUMENTATION_COMMENTS = YES;
				CLANG_WARN_EMPTY_BODY = YES;
				CLANG_WARN_ENUM_CONVERSION = YES;
				CLANG_WARN_INFINITE_RECURSION = YES;
				CLANG_WARN_INT_CONVERSION = YES;
				CLANG_WARN_NON_LITERAL_NULL_CONVERSION = YES;
				CLANG_WARN_OBJC_IMPLICIT_RETAIN_SELF = YES;
				CLANG_WARN_OBJC_LITERAL_CONVERSION = YES;
				CLANG_WARN_OBJC_ROOT_CLASS = YES_ERROR;
				CLANG_WARN_RANGE_LOOP_ANALYSIS = YES;
				CLANG_WARN_STRICT_PROTOTYPES = YES;
				CLANG_WARN_SUSPICIOUS_MOVE = YES;
				CLANG_WARN_UNGUARDED_AVAILABILITY = YES_AGGRESSIVE;
				CLANG_WARN_UNREACHABLE_CODE = YES;
				CLANG_WARN__DUPLICATE_METHOD_MATCH = YES;
				CODE_SIGN_IDENTITY = "iPhone Developer";
				COPY_PHASE_STRIP = NO;
				DEBUG_INFORMATION_FORMAT = "dwarf-with-dsym";
				ENABLE_NS_ASSERTIONS = NO;
				ENABLE_STRICT_OBJC_MSGSEND = YES;
				GCC_C_LANGUAGE_STANDARD = gnu11;
				GCC_NO_COMMON_BLOCKS = YES;
				GCC_WARN_64_TO_32_BIT_CONVERSION = YES;
				GCC_WARN_ABOUT_RETURN_TYPE = YES_ERROR;
				GCC_WARN_UNDECLARED_SELECTOR = YES;
				GCC_WARN_UNINITIALIZED_AUTOS = YES_AGGRESSIVE;
				GCC_WARN_UNUSED_FUNCTION = YES;
				GCC_WARN_UNUSED_VARIABLE = YES;
				IPHONEOS_DEPLOYMENT_TARGET = 11.4;
				MTL_ENABLE_DEBUG_INFO = NO;
				SDKROOT = iphoneos;
				SWIFT_COMPILATION_MODE = wholemodule;
				SWIFT_OPTIMIZATION_LEVEL = "-O";
				VALIDATE_PRODUCT = YES;
			};
			name = Release;
		};
		9CCAB18E210FB0AD006FC6F7 /* Debug */ = {
			isa = XCBuildConfiguration;
			buildSettings = {
				ASSETCATALOG_COMPILER_APPICON_NAME = AppIcon;
				CODE_SIGN_STYLE = Automatic;
				DEVELOPMENT_TEAM = V743F22FA8;
				INFOPLIST_FILE = CustomMapPinCallout/Info.plist;
				LD_RUNPATH_SEARCH_PATHS = (
					"$(inherited)",
					"@executable_path/Frameworks",
				);
				PRODUCT_BUNDLE_IDENTIFIER = MAS.CustomMapPinCallout;
				PRODUCT_NAME = "$(TARGET_NAME)";
				SWIFT_VERSION = 4.0;
				TARGETED_DEVICE_FAMILY = "1,2";
			};
			name = Debug;
		};
		9CCAB18F210FB0AD006FC6F7 /* Release */ = {
			isa = XCBuildConfiguration;
			buildSettings = {
				ASSETCATALOG_COMPILER_APPICON_NAME = AppIcon;
				CODE_SIGN_STYLE = Automatic;
				DEVELOPMENT_TEAM = V743F22FA8;
				INFOPLIST_FILE = CustomMapPinCallout/Info.plist;
				LD_RUNPATH_SEARCH_PATHS = (
					"$(inherited)",
					"@executable_path/Frameworks",
				);
				PRODUCT_BUNDLE_IDENTIFIER = MAS.CustomMapPinCallout;
				PRODUCT_NAME = "$(TARGET_NAME)";
				SWIFT_VERSION = 4.0;
				TARGETED_DEVICE_FAMILY = "1,2";
			};
			name = Release;
		};
/* End XCBuildConfiguration section */

/* Begin XCConfigurationList section */
		9CCAB176210FB0AA006FC6F7 /* Build configuration list for PBXProject "CustomMapPinCallout" */ = {
			isa = XCConfigurationList;
			buildConfigurations = (
				9CCAB18B210FB0AD006FC6F7 /* Debug */,
				9CCAB18C210FB0AD006FC6F7 /* Release */,
			);
			defaultConfigurationIsVisible = 0;
			defaultConfigurationName = Release;
		};
		9CCAB18D210FB0AD006FC6F7 /* Build configuration list for PBXNativeTarget "CustomMapPinCallout" */ = {
			isa = XCConfigurationList;
			buildConfigurations = (
				9CCAB18E210FB0AD006FC6F7 /* Debug */,
				9CCAB18F210FB0AD006FC6F7 /* Release */,
			);
			defaultConfigurationIsVisible = 0;
			defaultConfigurationName = Release;
		};
/* End XCConfigurationList section */
	};
	rootObject = 9CCAB173210FB0AA006FC6F7 /* Project object */;
}
